
Microsoft Visual Studio Solution File, Format Version 12.00
# Visual Studio Version 17
VisualStudioVersion = 17.8.34330.188
MinimumVisualStudioVersion = 10.0.40219.1
Project("{FAE04EC0-301F-11D3-BF4B-00C04F79EFBC}") = "WinformCRUDOperation", "WinformCRUDOperation\WinformCRUDOperation.csproj", "{1B4A7A71-9286-4665-BC0B-6D67E40E2ECB}"
EndProject
Global
	GlobalSection(SolutionConfigurationPlatforms) = preSolution
		Debug|Any CPU = Debug|Any CPU
		Release|Any CPU = Release|Any CPU
	EndGlobalSection
	GlobalSection(ProjectConfigurationPlatforms) = postSolution
		{1B4A7A71-9286-4665-BC0B-6D67E40E2ECB}.Debug|Any CPU.ActiveCfg = Debug|Any CPU
		{1B4A7A71-9286-4665-BC0B-6D67E40E2ECB}.Debug|Any CPU.Build.0 = Debug|Any CPU
		{1B4A7A71-9286-4665-BC0B-6D67E40E2ECB}.Release|Any CPU.ActiveCfg = Release|Any CPU
		{1B4A7A71-9286-4665-BC0B-6D67E40E2ECB}.Release|Any CPU.Build.0 = Release|Any CPU
	EndGlobalSection
	GlobalSection(SolutionProperties) = preSolution
		HideSolutionNode = FALSE
	EndGlobalSection
	GlobalSection(ExtensibilityGlobals) = postSolution
		SolutionGuid = {E49D0389-1691-4A7F-9700-FB0DCA73FAE0}
	EndGlobalSection
EndGlobal
